
Microsoft Visual Studio Solution File, Format Version 12.00
# Visual Studio 2013
VisualStudioVersion = 12.0.31101.0
MinimumVisualStudioVersion = 10.0.40219.1
Project("{FAE04EC0-301F-11D3-BF4B-00C04F79EFBC}") = "Peons", "Peons\Peons.csproj", "{98D6761C-F66B-4DD4-8080-2A093A17CC82}"
EndProject
Project("{2150E333-8FDC-42A3-9474-1A3956D46DE8}") = ".nuget", ".nuget", "{8CCFA034-7DF3-417A-9AE8-E80489412390}"
	ProjectSection(SolutionItems) = preProject
		.nuget\NuGet.Config = .nuget\NuGet.Config
		.nuget\NuGet.exe = .nuget\NuGet.exe
		.nuget\NuGet.targets = .nuget\NuGet.targets
	EndProjectSection
EndProject
Project("{FAE04EC0-301F-11D3-BF4B-00C04F79EFBC}") = "Peons.Tests", "Tests\Peons.Tests\Peons.Tests.csproj", "{F6ACD497-DF69-4306-9E2A-07C10FE299EC}"
EndProject
Project("{2150E333-8FDC-42A3-9474-1A3956D46DE8}") = "Tests", "Tests", "{DC9DF6AC-ECD2-4DB4-BCFD-773630763F56}"
	ProjectSection(SolutionItems) = preProject
		Tests\UnitTests.nunit = Tests\UnitTests.nunit
	EndProjectSection
EndProject
Project("{FAE04EC0-301F-11D3-BF4B-00C04F79EFBC}") = "Peons.NUnit", "Peons.NUnit\Peons.NUnit.csproj", "{DE60D72B-A098-4EFA-B33F-8DEC7B3633AD}"
EndProject
Project("{FAE04EC0-301F-11D3-BF4B-00C04F79EFBC}") = "Peons.NUnit.Tests", "Tests\Peons.NUnit.Tests\Peons.NUnit.Tests.csproj", "{E9DD90CD-E533-4231-8018-C29D3B6025D5}"
EndProject
Project("{FAE04EC0-301F-11D3-BF4B-00C04F79EFBC}") = "Peons.Web", "Peons.Web\Peons.Web.csproj", "{F93CEED7-0CD6-4DB6-A65C-96746E8DD758}"
EndProject
Project("{FAE04EC0-301F-11D3-BF4B-00C04F79EFBC}") = "Peons.NUnit.NodaTime", "Peons.NUnit.NodaTime\Peons.NUnit.NodaTime.csproj", "{2C71F5D2-5061-4002-8A9A-7C8894E8C7E2}"
EndProject
Project("{FAE04EC0-301F-11D3-BF4B-00C04F79EFBC}") = "Peons.Collections", "Peons.Collections\Peons.Collections.csproj", "{377F52F4-66FF-44F0-BA78-7D9061FB4903}"
EndProject
Project("{FAE04EC0-301F-11D3-BF4B-00C04F79EFBC}") = "Peons.Specification", "Peons.Specification\Peons.Specification.csproj", "{C1E2736A-9BF9-4A4D-882C-CE9DF00CD505}"
EndProject
Project("{FAE04EC0-301F-11D3-BF4B-00C04F79EFBC}") = "Peons.Collections.Tests", "Tests\Peons.Collections.Tests\Peons.Collections.Tests.csproj", "{59DAF89B-BC65-4AA5-8D8F-84FBB749C771}"
EndProject
Project("{FAE04EC0-301F-11D3-BF4B-00C04F79EFBC}") = "Peons.Specification.Tests", "Tests\Peons.Specification.Tests\Peons.Specification.Tests.csproj", "{54DB744E-313F-4E7E-A271-E1BF3E1FA99A}"
EndProject
Project("{FAE04EC0-301F-11D3-BF4B-00C04F79EFBC}") = "Peons.DomainEvents", "Peons.DomainEvents\Peons.DomainEvents.csproj", "{CB0AC0E3-E6BB-466F-8B1C-BD6705F00D4C}"
EndProject
Project("{FAE04EC0-301F-11D3-BF4B-00C04F79EFBC}") = "Peons.DomainEvents.NinjectPublisher", "Peons.DomainEvents.NinjectPublisher\Peons.DomainEvents.NinjectPublisher.csproj", "{D6594019-61F7-40D3-84B9-CF9FA8BCE3CD}"
EndProject
Project("{FAE04EC0-301F-11D3-BF4B-00C04F79EFBC}") = "Peons.DomainEvents.Tests", "Tests\Peons.DomainEvents.Tests\Peons.DomainEvents.Tests.csproj", "{3273D4D7-7676-4511-9DE0-3223447C6175}"
EndProject
Project("{FAE04EC0-301F-11D3-BF4B-00C04F79EFBC}") = "Peons.DomainEvents.NinjectPublisher.Tests", "Tests\Peons.DomainEvents.NinjectPublisher.Tests\Peons.DomainEvents.NinjectPublisher.Tests.csproj", "{3CA0A65E-7FBB-4170-B9E9-B42BDF38F095}"
EndProject
Project("{FAE04EC0-301F-11D3-BF4B-00C04F79EFBC}") = "Peons.Web.Tests", "Tests\Peons.Web.Tests\Peons.Web.Tests.csproj", "{51B205EB-1AB9-448B-BA70-36A7C4300101}"
EndProject
Project("{FAE04EC0-301F-11D3-BF4B-00C04F79EFBC}") = "Peons.DependencyInjection", "Peons.DependencyInjection\Peons.DependencyInjection.csproj", "{6C658583-149A-44B2-A497-95B32DE0CD58}"
EndProject
Project("{FAE04EC0-301F-11D3-BF4B-00C04F79EFBC}") = "Peons.DependencyInjection.Adapters.Ninject", "Peons.DependencyInjection.Adapters.Ninject\Peons.DependencyInjection.Adapters.Ninject.csproj", "{B7304177-A3F9-4AC9-8054-2BFCE53355AC}"
EndProject
Project("{FAE04EC0-301F-11D3-BF4B-00C04F79EFBC}") = "Peons.DependencyInjection.Tests", "Tests\Peons.DependencyInjection.Tests\Peons.DependencyInjection.Tests.csproj", "{F9D665DA-9E99-4A70-AAE6-0877CE17C62D}"
EndProject
Project("{FAE04EC0-301F-11D3-BF4B-00C04F79EFBC}") = "Peons.DependencyInjection.Adapters.Ninject.Tests", "Tests\Peons.DependencyInjection.Adapters.Ninject.Tests\Peons.DependencyInjection.Adapters.Ninject.Tests.csproj", "{89F72E8A-249B-47E3-AF63-A2EAD6754C90}"
EndProject
Global
	GlobalSection(SolutionConfigurationPlatforms) = preSolution
		Debug|Any CPU = Debug|Any CPU
		Release|Any CPU = Release|Any CPU
	EndGlobalSection
	GlobalSection(ProjectConfigurationPlatforms) = postSolution
		{98D6761C-F66B-4DD4-8080-2A093A17CC82}.Debug|Any CPU.ActiveCfg = Debug|Any CPU
		{98D6761C-F66B-4DD4-8080-2A093A17CC82}.Debug|Any CPU.Build.0 = Debug|Any CPU
		{98D6761C-F66B-4DD4-8080-2A093A17CC82}.Release|Any CPU.ActiveCfg = Release|Any CPU
		{98D6761C-F66B-4DD4-8080-2A093A17CC82}.Release|Any CPU.Build.0 = Release|Any CPU
		{F6ACD497-DF69-4306-9E2A-07C10FE299EC}.Debug|Any CPU.ActiveCfg = Debug|Any CPU
		{F6ACD497-DF69-4306-9E2A-07C10FE299EC}.Debug|Any CPU.Build.0 = Debug|Any CPU
		{F6ACD497-DF69-4306-9E2A-07C10FE299EC}.Release|Any CPU.ActiveCfg = Release|Any CPU
		{DE60D72B-A098-4EFA-B33F-8DEC7B3633AD}.Debug|Any CPU.ActiveCfg = Debug|Any CPU
		{DE60D72B-A098-4EFA-B33F-8DEC7B3633AD}.Debug|Any CPU.Build.0 = Debug|Any CPU
		{DE60D72B-A098-4EFA-B33F-8DEC7B3633AD}.Release|Any CPU.ActiveCfg = Release|Any CPU
		{DE60D72B-A098-4EFA-B33F-8DEC7B3633AD}.Release|Any CPU.Build.0 = Release|Any CPU
		{E9DD90CD-E533-4231-8018-C29D3B6025D5}.Debug|Any CPU.ActiveCfg = Debug|Any CPU
		{E9DD90CD-E533-4231-8018-C29D3B6025D5}.Debug|Any CPU.Build.0 = Debug|Any CPU
		{E9DD90CD-E533-4231-8018-C29D3B6025D5}.Release|Any CPU.ActiveCfg = Release|Any CPU
		{F93CEED7-0CD6-4DB6-A65C-96746E8DD758}.Debug|Any CPU.ActiveCfg = Debug|Any CPU
		{F93CEED7-0CD6-4DB6-A65C-96746E8DD758}.Debug|Any CPU.Build.0 = Debug|Any CPU
		{F93CEED7-0CD6-4DB6-A65C-96746E8DD758}.Release|Any CPU.ActiveCfg = Release|Any CPU
		{F93CEED7-0CD6-4DB6-A65C-96746E8DD758}.Release|Any CPU.Build.0 = Release|Any CPU
		{2C71F5D2-5061-4002-8A9A-7C8894E8C7E2}.Debug|Any CPU.ActiveCfg = Debug|Any CPU
		{2C71F5D2-5061-4002-8A9A-7C8894E8C7E2}.Debug|Any CPU.Build.0 = Debug|Any CPU
		{2C71F5D2-5061-4002-8A9A-7C8894E8C7E2}.Release|Any CPU.ActiveCfg = Release|Any CPU
		{2C71F5D2-5061-4002-8A9A-7C8894E8C7E2}.Release|Any CPU.Build.0 = Release|Any CPU
		{377F52F4-66FF-44F0-BA78-7D9061FB4903}.Debug|Any CPU.ActiveCfg = Debug|Any CPU
		{377F52F4-66FF-44F0-BA78-7D9061FB4903}.Debug|Any CPU.Build.0 = Debug|Any CPU
		{377F52F4-66FF-44F0-BA78-7D9061FB4903}.Release|Any CPU.ActiveCfg = Release|Any CPU
		{377F52F4-66FF-44F0-BA78-7D9061FB4903}.Release|Any CPU.Build.0 = Release|Any CPU
		{C1E2736A-9BF9-4A4D-882C-CE9DF00CD505}.Debug|Any CPU.ActiveCfg = Debug|Any CPU
		{C1E2736A-9BF9-4A4D-882C-CE9DF00CD505}.Debug|Any CPU.Build.0 = Debug|Any CPU
		{C1E2736A-9BF9-4A4D-882C-CE9DF00CD505}.Release|Any CPU.ActiveCfg = Release|Any CPU
		{C1E2736A-9BF9-4A4D-882C-CE9DF00CD505}.Release|Any CPU.Build.0 = Release|Any CPU
		{59DAF89B-BC65-4AA5-8D8F-84FBB749C771}.Debug|Any CPU.ActiveCfg = Debug|Any CPU
		{59DAF89B-BC65-4AA5-8D8F-84FBB749C771}.Debug|Any CPU.Build.0 = Debug|Any CPU
		{59DAF89B-BC65-4AA5-8D8F-84FBB749C771}.Release|Any CPU.ActiveCfg = Release|Any CPU
		{54DB744E-313F-4E7E-A271-E1BF3E1FA99A}.Debug|Any CPU.ActiveCfg = Debug|Any CPU
		{54DB744E-313F-4E7E-A271-E1BF3E1FA99A}.Debug|Any CPU.Build.0 = Debug|Any CPU
		{54DB744E-313F-4E7E-A271-E1BF3E1FA99A}.Release|Any CPU.ActiveCfg = Release|Any CPU
		{CB0AC0E3-E6BB-466F-8B1C-BD6705F00D4C}.Debug|Any CPU.ActiveCfg = Debug|Any CPU
		{CB0AC0E3-E6BB-466F-8B1C-BD6705F00D4C}.Debug|Any CPU.Build.0 = Debug|Any CPU
		{CB0AC0E3-E6BB-466F-8B1C-BD6705F00D4C}.Release|Any CPU.ActiveCfg = Release|Any CPU
		{CB0AC0E3-E6BB-466F-8B1C-BD6705F00D4C}.Release|Any CPU.Build.0 = Release|Any CPU
		{D6594019-61F7-40D3-84B9-CF9FA8BCE3CD}.Debug|Any CPU.ActiveCfg = Debug|Any CPU
		{D6594019-61F7-40D3-84B9-CF9FA8BCE3CD}.Debug|Any CPU.Build.0 = Debug|Any CPU
		{D6594019-61F7-40D3-84B9-CF9FA8BCE3CD}.Release|Any CPU.ActiveCfg = Release|Any CPU
		{D6594019-61F7-40D3-84B9-CF9FA8BCE3CD}.Release|Any CPU.Build.0 = Release|Any CPU
		{3273D4D7-7676-4511-9DE0-3223447C6175}.Debug|Any CPU.ActiveCfg = Debug|Any CPU
		{3273D4D7-7676-4511-9DE0-3223447C6175}.Debug|Any CPU.Build.0 = Debug|Any CPU
		{3273D4D7-7676-4511-9DE0-3223447C6175}.Release|Any CPU.ActiveCfg = Release|Any CPU
		{3CA0A65E-7FBB-4170-B9E9-B42BDF38F095}.Debug|Any CPU.ActiveCfg = Debug|Any CPU
		{3CA0A65E-7FBB-4170-B9E9-B42BDF38F095}.Debug|Any CPU.Build.0 = Debug|Any CPU
		{3CA0A65E-7FBB-4170-B9E9-B42BDF38F095}.Release|Any CPU.ActiveCfg = Release|Any CPU
		{51B205EB-1AB9-448B-BA70-36A7C4300101}.Debug|Any CPU.ActiveCfg = Debug|Any CPU
		{51B205EB-1AB9-448B-BA70-36A7C4300101}.Debug|Any CPU.Build.0 = Debug|Any CPU
		{51B205EB-1AB9-448B-BA70-36A7C4300101}.Release|Any CPU.ActiveCfg = Release|Any CPU
		{51B205EB-1AB9-448B-BA70-36A7C4300101}.Release|Any CPU.Build.0 = Release|Any CPU
		{6C658583-149A-44B2-A497-95B32DE0CD58}.Debug|Any CPU.ActiveCfg = Debug|Any CPU
		{6C658583-149A-44B2-A497-95B32DE0CD58}.Debug|Any CPU.Build.0 = Debug|Any CPU
		{6C658583-149A-44B2-A497-95B32DE0CD58}.Release|Any CPU.ActiveCfg = Release|Any CPU
		{6C658583-149A-44B2-A497-95B32DE0CD58}.Release|Any CPU.Build.0 = Release|Any CPU
		{B7304177-A3F9-4AC9-8054-2BFCE53355AC}.Debug|Any CPU.ActiveCfg = Debug|Any CPU
		{B7304177-A3F9-4AC9-8054-2BFCE53355AC}.Debug|Any CPU.Build.0 = Debug|Any CPU
		{B7304177-A3F9-4AC9-8054-2BFCE53355AC}.Release|Any CPU.ActiveCfg = Release|Any CPU
		{B7304177-A3F9-4AC9-8054-2BFCE53355AC}.Release|Any CPU.Build.0 = Release|Any CPU
		{F9D665DA-9E99-4A70-AAE6-0877CE17C62D}.Debug|Any CPU.ActiveCfg = Debug|Any CPU
		{F9D665DA-9E99-4A70-AAE6-0877CE17C62D}.Debug|Any CPU.Build.0 = Debug|Any CPU
		{F9D665DA-9E99-4A70-AAE6-0877CE17C62D}.Release|Any CPU.ActiveCfg = Release|Any CPU
		{F9D665DA-9E99-4A70-AAE6-0877CE17C62D}.Release|Any CPU.Build.0 = Release|Any CPU
		{89F72E8A-249B-47E3-AF63-A2EAD6754C90}.Debug|Any CPU.ActiveCfg = Debug|Any CPU
		{89F72E8A-249B-47E3-AF63-A2EAD6754C90}.Debug|Any CPU.Build.0 = Debug|Any CPU
		{89F72E8A-249B-47E3-AF63-A2EAD6754C90}.Release|Any CPU.ActiveCfg = Release|Any CPU
		{89F72E8A-249B-47E3-AF63-A2EAD6754C90}.Release|Any CPU.Build.0 = Release|Any CPU
	EndGlobalSection
	GlobalSection(SolutionProperties) = preSolution
		HideSolutionNode = FALSE
	EndGlobalSection
	GlobalSection(NestedProjects) = preSolution
		{F6ACD497-DF69-4306-9E2A-07C10FE299EC} = {DC9DF6AC-ECD2-4DB4-BCFD-773630763F56}
		{E9DD90CD-E533-4231-8018-C29D3B6025D5} = {DC9DF6AC-ECD2-4DB4-BCFD-773630763F56}
		{59DAF89B-BC65-4AA5-8D8F-84FBB749C771} = {DC9DF6AC-ECD2-4DB4-BCFD-773630763F56}
		{54DB744E-313F-4E7E-A271-E1BF3E1FA99A} = {DC9DF6AC-ECD2-4DB4-BCFD-773630763F56}
		{3273D4D7-7676-4511-9DE0-3223447C6175} = {DC9DF6AC-ECD2-4DB4-BCFD-773630763F56}
		{3CA0A65E-7FBB-4170-B9E9-B42BDF38F095} = {DC9DF6AC-ECD2-4DB4-BCFD-773630763F56}
		{51B205EB-1AB9-448B-BA70-36A7C4300101} = {DC9DF6AC-ECD2-4DB4-BCFD-773630763F56}
		{F9D665DA-9E99-4A70-AAE6-0877CE17C62D} = {DC9DF6AC-ECD2-4DB4-BCFD-773630763F56}
		{89F72E8A-249B-47E3-AF63-A2EAD6754C90} = {DC9DF6AC-ECD2-4DB4-BCFD-773630763F56}
	EndGlobalSection
EndGlobal
